
Microsoft Visual Studio Solution File, Format Version 12.00
# Visual Studio Version 17
VisualStudioVersion = 17.14.36414.22
MinimumVisualStudioVersion = 10.0.40219.1
Project("{2150E333-8FDC-42A3-9474-1A3956D46DE8}") = "Task0", "Task0", "{02EA681E-C7D8-13C7-8484-4AC65E1B71E8}"
EndProject
Project("{FAE04EC0-301F-11D3-BF4B-00C04F79EFBC}") = "Tyuiu.NeupokoevSV.Sprint1.Task0.V25", "Tyuiu.NeupokoevSV.Sprint1.Task0.V25\Tyuiu.NeupokoevSV.Sprint1.Task0.V25.csproj", "{F890D38B-9232-4C3B-8E2E-028011444176}"
EndProject
Project("{FAE04EC0-301F-11D3-BF4B-00C04F79EFBC}") = "Tyuiu.NeupokoevSV.Sprint1.Task0.V25.Lib", "Tyuiu.NeupokoevSV.Sprint1.Task0.V25.Lib\Tyuiu.NeupokoevSV.Sprint1.Task0.V25.Lib.csproj", "{431E093A-FB77-4A5E-87EC-0981CFB2E07C}"
EndProject
Project("{FAE04EC0-301F-11D3-BF4B-00C04F79EFBC}") = "Tyuiu.NeupokoevSV.Sprint1.Task0.V25.Test", "Tyuiu.NeupokoevSV.Sprint1.Task0.V25.Test\Tyuiu.NeupokoevSV.Sprint1.Task0.V25.Test.csproj", "{FFFFADA7-F58B-46EF-8C4F-E072F7CC7D59}"
EndProject
Project("{2150E333-8FDC-42A3-9474-1A3956D46DE8}") = "Task1", "Task1", "{B8921788-8652-4250-8D58-5C4E6C0B347D}"
EndProject
Project("{FAE04EC0-301F-11D3-BF4B-00C04F79EFBC}") = "Tyuiu.NeupokoevSV.Sprint1.Task1.V4", "Tyuiu.NeupokoevSV.Sprint1.Task1.V4\Tyuiu.NeupokoevSV.Sprint1.Task1.V4.csproj", "{335AC380-5EAF-4F55-AA6D-0D7182A05414}"
EndProject
Project("{FAE04EC0-301F-11D3-BF4B-00C04F79EFBC}") = "Tyuiu.NeupokoevSV.Sprint1.Task1.V4.Lib", "Tyuiu.NeupokoevSV.Sprint1.Task1.V4.Lib\Tyuiu.NeupokoevSV.Sprint1.Task1.V4.Lib.csproj", "{69FDAAFF-41B1-4AD6-968F-44D85402102D}"
EndProject
Project("{FAE04EC0-301F-11D3-BF4B-00C04F79EFBC}") = "Tyuiu.NeupokoevSV.Sprint1.Task1.V4.Test", "Tyuiu.NeupokoevSV.Sprint1.Task1.V4.Test\Tyuiu.NeupokoevSV.Sprint1.Task1.V4.Test.csproj", "{7D23AE1A-3CEE-44EB-A330-972E0C85F387}"
EndProject
Project("{2150E333-8FDC-42A3-9474-1A3956D46DE8}") = "Task2", "Task2", "{3BD8549F-8B17-479B-932D-52B6D7253E19}"
EndProject
Project("{FAE04EC0-301F-11D3-BF4B-00C04F79EFBC}") = "Tyuiu.NeupokoevSV.Sprint1.Task2.V6", "Tyuiu.NeupokoevSV.Sprint1.Task2.V6\Tyuiu.NeupokoevSV.Sprint1.Task2.V6.csproj", "{697E0793-FBED-4858-B2FA-0F80C3810572}"
EndProject
Project("{FAE04EC0-301F-11D3-BF4B-00C04F79EFBC}") = "Tyuiu.NeupokoevSV.Sprint1.Task2.V6.Lib", "Tyuiu.NeupokoevSV.Sprint1.Task2.V6.Lib\Tyuiu.NeupokoevSV.Sprint1.Task2.V6.Lib.csproj", "{19C37946-CE92-4259-948A-37F8FF1AB0C0}"
EndProject
Project("{FAE04EC0-301F-11D3-BF4B-00C04F79EFBC}") = "Tyuiu.NeupokoevSV.Sprint1.Task2.V6.Test", "Tyuiu.NeupokoevSV.Sprint1.Task2.V6.Test\Tyuiu.NeupokoevSV.Sprint1.Task2.V6.Test.csproj", "{3E5F27A7-FF3A-4FA6-A521-9DD9FA0B4251}"
EndProject
Project("{2150E333-8FDC-42A3-9474-1A3956D46DE8}") = "Task3", "Task3", "{E4F0129F-AA00-423D-940A-30C3234174B6}"
EndProject
Project("{FAE04EC0-301F-11D3-BF4B-00C04F79EFBC}") = "Tyuiu.NeupokoevSV.Sprint1.Task3.V15", "Tyuiu.NeupokoevSV.Sprint1.Task3.V15\Tyuiu.NeupokoevSV.Sprint1.Task3.V15.csproj", "{152C7C0B-21B5-43B7-8791-A368F25E83D5}"
EndProject
Project("{FAE04EC0-301F-11D3-BF4B-00C04F79EFBC}") = "Tyuiu.NeupokoevSV.Sprint1.Task3.V15.Lib", "Tyuiu.NeupokoevSV.Sprint1.Task3.V15.Lib\Tyuiu.NeupokoevSV.Sprint1.Task3.V15.Lib.csproj", "{1F8C3C70-310D-4718-B7B3-FC7DD987A105}"
EndProject
Project("{FAE04EC0-301F-11D3-BF4B-00C04F79EFBC}") = "Tyuiu.NeupokoevSV.Sprint1.Task3.V15.Test", "Tyuiu.NeupokoevSV.Sprint1.Task3.V15.Test\Tyuiu.NeupokoevSV.Sprint1.Task3.V15.Test.csproj", "{41782808-6D6C-4391-B544-03EF89ECD605}"
EndProject
Project("{2150E333-8FDC-42A3-9474-1A3956D46DE8}") = "Task4", "Task4", "{51C5CFFD-ECC4-4729-A84B-758DFD78714F}"
EndProject
Project("{FAE04EC0-301F-11D3-BF4B-00C04F79EFBC}") = "Tyuiu.NeupokoevSV.Sprint1.Task4.V26", "Tyuiu.NeupokoevSV.Sprint1.Task4.V26\Tyuiu.NeupokoevSV.Sprint1.Task4.V26.csproj", "{C8D070B1-DBC5-4727-A601-963CE58AB3D6}"
EndProject
Project("{FAE04EC0-301F-11D3-BF4B-00C04F79EFBC}") = "Tyuiu.NeupokoevSV.Sprint1.Task4.V26.Lib", "Tyuiu.NeupokoevSV.Sprint1.Task4.V26.Lib\Tyuiu.NeupokoevSV.Sprint1.Task4.V26.Lib.csproj", "{6567E3C3-3D41-4F56-8976-B0AA8131821F}"
EndProject
Project("{FAE04EC0-301F-11D3-BF4B-00C04F79EFBC}") = "Tyuiu.NeupokoevSV.Sprint1.Task4.V26.Test", "Tyuiu.NeupokoevSV.Sprint1.Task4.V26.Test\Tyuiu.NeupokoevSV.Sprint1.Task4.V26.Test.csproj", "{15FCA8B5-DC51-4F0E-AD73-5093601C8B00}"
EndProject
Project("{2150E333-8FDC-42A3-9474-1A3956D46DE8}") = "Task5", "Task5", "{3AE18C99-1CFB-4E7B-BA97-7E96A385B835}"
EndProject
Project("{FAE04EC0-301F-11D3-BF4B-00C04F79EFBC}") = "Tyuiu.NeupokoevSV.Sprint1.Task5.V7", "Tyuiu.NeupokoevSV.Sprint1.Task5.V7\Tyuiu.NeupokoevSV.Sprint1.Task5.V7.csproj", "{B1596213-F1F0-4D49-BC58-7EAA2287162B}"
EndProject
Project("{FAE04EC0-301F-11D3-BF4B-00C04F79EFBC}") = "Tyuiu.NeupokoevSV.Sprint1.Task5.V7.Lib", "Tyuiu.NeupokoevSV.Sprint1.Task5.V7.Lib\Tyuiu.NeupokoevSV.Sprint1.Task5.V7.Lib.csproj", "{43081F3C-5211-4299-BC40-DE734299AC00}"
EndProject
Project("{FAE04EC0-301F-11D3-BF4B-00C04F79EFBC}") = "Tyuiu.NeupokoevSV.Sprint1.Task5.V7.Test", "Tyuiu.NeupokoevSV.Sprint1.Task5.V7.Test\Tyuiu.NeupokoevSV.Sprint1.Task5.V7.Test.csproj", "{BAC56FB2-5B6B-4242-BEF8-6E2E549D3971}"
EndProject
Project("{2150E333-8FDC-42A3-9474-1A3956D46DE8}") = "Task6", "Task6", "{55256DC7-27DB-4EDC-AD2F-54D524CF4299}"
EndProject
Project("{FAE04EC0-301F-11D3-BF4B-00C04F79EFBC}") = "Tyuiu.NeupokoevSV.Sprint1.Task6.V2", "Tyuiu.NeupokoevSV.Sprint1.Task6.V2\Tyuiu.NeupokoevSV.Sprint1.Task6.V2.csproj", "{77E49BBF-D6BB-4954-9EE7-DD1F58CE52CF}"
EndProject
Project("{FAE04EC0-301F-11D3-BF4B-00C04F79EFBC}") = "Tyuiu.NeupokoevSV.Sprint1.Task6.V2.Lib", "Tyuiu.NeupokoevSV.Sprint1.Task6.V2.Lib\Tyuiu.NeupokoevSV.Sprint1.Task6.V2.Lib.csproj", "{3A350E67-2FFA-428A-9CBA-28CD791CCF93}"
EndProject
Project("{FAE04EC0-301F-11D3-BF4B-00C04F79EFBC}") = "Tyuiu.NeupokoevSV.Sprint1.Task6.V2.Test", "Tyuiu.NeupokoevSV.Sprint1.Task6.V2.Test\Tyuiu.NeupokoevSV.Sprint1.Task6.V2.Test.csproj", "{1011EB37-1343-4497-BAC2-A3C3F6A70B4A}"
EndProject
Project("{2150E333-8FDC-42A3-9474-1A3956D46DE8}") = "Task7", "Task7", "{295534EA-5CAA-47D3-BB40-7670CE200C52}"
EndProject
Project("{FAE04EC0-301F-11D3-BF4B-00C04F79EFBC}") = "Tyuiu.NeupokoevSV.Sprint1.Task7.V1", "Tyuiu.NeupokoevSV.Sprint1.Task7.V1\Tyuiu.NeupokoevSV.Sprint1.Task7.V1.csproj", "{64524713-4578-40E6-ACB8-1C56CC2838C4}"
EndProject
Project("{FAE04EC0-301F-11D3-BF4B-00C04F79EFBC}") = "Tyuiu.NeupokoevSV.Sprint1.Task7.V1.Lib", "Tyuiu.NeupokoevSV.Sprint1.Task7.V1.Lib\Tyuiu.NeupokoevSV.Sprint1.Task7.V1.Lib.csproj", "{F6CFC485-0B21-48A1-93D2-5F497CB83626}"
EndProject
Project("{FAE04EC0-301F-11D3-BF4B-00C04F79EFBC}") = "Tyuiu.NeupokoevSV.Sprint1.Task7.V1.Test", "Tyuiu.NeupokoevSV.Sprint1.Task7.V1.Test\Tyuiu.NeupokoevSV.Sprint1.Task7.V1.Test.csproj", "{0B8F8AD7-762C-498A-BA8C-50D81E9DEA3B}"
EndProject
Global
	GlobalSection(SolutionConfigurationPlatforms) = preSolution
		Debug|Any CPU = Debug|Any CPU
		Release|Any CPU = Release|Any CPU
	EndGlobalSection
	GlobalSection(ProjectConfigurationPlatforms) = postSolution
		{F890D38B-9232-4C3B-8E2E-028011444176}.Debug|Any CPU.ActiveCfg = Debug|Any CPU
		{F890D38B-9232-4C3B-8E2E-028011444176}.Debug|Any CPU.Build.0 = Debug|Any CPU
		{F890D38B-9232-4C3B-8E2E-028011444176}.Release|Any CPU.ActiveCfg = Release|Any CPU
		{F890D38B-9232-4C3B-8E2E-028011444176}.Release|Any CPU.Build.0 = Release|Any CPU
		{431E093A-FB77-4A5E-87EC-0981CFB2E07C}.Debug|Any CPU.ActiveCfg = Debug|Any CPU
		{431E093A-FB77-4A5E-87EC-0981CFB2E07C}.Debug|Any CPU.Build.0 = Debug|Any CPU
		{431E093A-FB77-4A5E-87EC-0981CFB2E07C}.Release|Any CPU.ActiveCfg = Release|Any CPU
		{431E093A-FB77-4A5E-87EC-0981CFB2E07C}.Release|Any CPU.Build.0 = Release|Any CPU
		{FFFFADA7-F58B-46EF-8C4F-E072F7CC7D59}.Debug|Any CPU.ActiveCfg = Debug|Any CPU
		{FFFFADA7-F58B-46EF-8C4F-E072F7CC7D59}.Debug|Any CPU.Build.0 = Debug|Any CPU
		{FFFFADA7-F58B-46EF-8C4F-E072F7CC7D59}.Release|Any CPU.ActiveCfg = Release|Any CPU
		{FFFFADA7-F58B-46EF-8C4F-E072F7CC7D59}.Release|Any CPU.Build.0 = Release|Any CPU
		{335AC380-5EAF-4F55-AA6D-0D7182A05414}.Debug|Any CPU.ActiveCfg = Debug|Any CPU
		{335AC380-5EAF-4F55-AA6D-0D7182A05414}.Debug|Any CPU.Build.0 = Debug|Any CPU
		{335AC380-5EAF-4F55-AA6D-0D7182A05414}.Release|Any CPU.ActiveCfg = Release|Any CPU
		{335AC380-5EAF-4F55-AA6D-0D7182A05414}.Release|Any CPU.Build.0 = Release|Any CPU
		{69FDAAFF-41B1-4AD6-968F-44D85402102D}.Debug|Any CPU.ActiveCfg = Debug|Any CPU
		{69FDAAFF-41B1-4AD6-968F-44D85402102D}.Debug|Any CPU.Build.0 = Debug|Any CPU
		{69FDAAFF-41B1-4AD6-968F-44D85402102D}.Release|Any CPU.ActiveCfg = Release|Any CPU
		{69FDAAFF-41B1-4AD6-968F-44D85402102D}.Release|Any CPU.Build.0 = Release|Any CPU
		{7D23AE1A-3CEE-44EB-A330-972E0C85F387}.Debug|Any CPU.ActiveCfg = Debug|Any CPU
		{7D23AE1A-3CEE-44EB-A330-972E0C85F387}.Debug|Any CPU.Build.0 = Debug|Any CPU
		{7D23AE1A-3CEE-44EB-A330-972E0C85F387}.Release|Any CPU.ActiveCfg = Release|Any CPU
		{7D23AE1A-3CEE-44EB-A330-972E0C85F387}.Release|Any CPU.Build.0 = Release|Any CPU
		{697E0793-FBED-4858-B2FA-0F80C3810572}.Debug|Any CPU.ActiveCfg = Debug|Any CPU
		{697E0793-FBED-4858-B2FA-0F80C3810572}.Debug|Any CPU.Build.0 = Debug|Any CPU
		{697E0793-FBED-4858-B2FA-0F80C3810572}.Release|Any CPU.ActiveCfg = Release|Any CPU
		{697E0793-FBED-4858-B2FA-0F80C3810572}.Release|Any CPU.Build.0 = Release|Any CPU
		{19C37946-CE92-4259-948A-37F8FF1AB0C0}.Debug|Any CPU.ActiveCfg = Debug|Any CPU
		{19C37946-CE92-4259-948A-37F8FF1AB0C0}.Debug|Any CPU.Build.0 = Debug|Any CPU
		{19C37946-CE92-4259-948A-37F8FF1AB0C0}.Release|Any CPU.ActiveCfg = Release|Any CPU
		{19C37946-CE92-4259-948A-37F8FF1AB0C0}.Release|Any CPU.Build.0 = Release|Any CPU
		{3E5F27A7-FF3A-4FA6-A521-9DD9FA0B4251}.Debug|Any CPU.ActiveCfg = Debug|Any CPU
		{3E5F27A7-FF3A-4FA6-A521-9DD9FA0B4251}.Debug|Any CPU.Build.0 = Debug|Any CPU
		{3E5F27A7-FF3A-4FA6-A521-9DD9FA0B4251}.Release|Any CPU.ActiveCfg = Release|Any CPU
		{3E5F27A7-FF3A-4FA6-A521-9DD9FA0B4251}.Release|Any CPU.Build.0 = Release|Any CPU
		{152C7C0B-21B5-43B7-8791-A368F25E83D5}.Debug|Any CPU.ActiveCfg = Debug|Any CPU
		{152C7C0B-21B5-43B7-8791-A368F25E83D5}.Debug|Any CPU.Build.0 = Debug|Any CPU
		{152C7C0B-21B5-43B7-8791-A368F25E83D5}.Release|Any CPU.ActiveCfg = Release|Any CPU
		{152C7C0B-21B5-43B7-8791-A368F25E83D5}.Release|Any CPU.Build.0 = Release|Any CPU
		{1F8C3C70-310D-4718-B7B3-FC7DD987A105}.Debug|Any CPU.ActiveCfg = Debug|Any CPU
		{1F8C3C70-310D-4718-B7B3-FC7DD987A105}.Debug|Any CPU.Build.0 = Debug|Any CPU
		{1F8C3C70-310D-4718-B7B3-FC7DD987A105}.Release|Any CPU.ActiveCfg = Release|Any CPU
		{1F8C3C70-310D-4718-B7B3-FC7DD987A105}.Release|Any CPU.Build.0 = Release|Any CPU
		{41782808-6D6C-4391-B544-03EF89ECD605}.Debug|Any CPU.ActiveCfg = Debug|Any CPU
		{41782808-6D6C-4391-B544-03EF89ECD605}.Debug|Any CPU.Build.0 = Debug|Any CPU
		{41782808-6D6C-4391-B544-03EF89ECD605}.Release|Any CPU.ActiveCfg = Release|Any CPU
		{41782808-6D6C-4391-B544-03EF89ECD605}.Release|Any CPU.Build.0 = Release|Any CPU
		{C8D070B1-DBC5-4727-A601-963CE58AB3D6}.Debug|Any CPU.ActiveCfg = Debug|Any CPU
		{C8D070B1-DBC5-4727-A601-963CE58AB3D6}.Debug|Any CPU.Build.0 = Debug|Any CPU
		{C8D070B1-DBC5-4727-A601-963CE58AB3D6}.Release|Any CPU.ActiveCfg = Release|Any CPU
		{C8D070B1-DBC5-4727-A601-963CE58AB3D6}.Release|Any CPU.Build.0 = Release|Any CPU
		{6567E3C3-3D41-4F56-8976-B0AA8131821F}.Debug|Any CPU.ActiveCfg = Debug|Any CPU
		{6567E3C3-3D41-4F56-8976-B0AA8131821F}.Debug|Any CPU.Build.0 = Debug|Any CPU
		{6567E3C3-3D41-4F56-8976-B0AA8131821F}.Release|Any CPU.ActiveCfg = Release|Any CPU
		{6567E3C3-3D41-4F56-8976-B0AA8131821F}.Release|Any CPU.Build.0 = Release|Any CPU
		{15FCA8B5-DC51-4F0E-AD73-5093601C8B00}.Debug|Any CPU.ActiveCfg = Debug|Any CPU
		{15FCA8B5-DC51-4F0E-AD73-5093601C8B00}.Debug|Any CPU.Build.0 = Debug|Any CPU
		{15FCA8B5-DC51-4F0E-AD73-5093601C8B00}.Release|Any CPU.ActiveCfg = Release|Any CPU
		{15FCA8B5-DC51-4F0E-AD73-5093601C8B00}.Release|Any CPU.Build.0 = Release|Any CPU
		{B1596213-F1F0-4D49-BC58-7EAA2287162B}.Debug|Any CPU.ActiveCfg = Debug|Any CPU
		{B1596213-F1F0-4D49-BC58-7EAA2287162B}.Debug|Any CPU.Build.0 = Debug|Any CPU
		{B1596213-F1F0-4D49-BC58-7EAA2287162B}.Release|Any CPU.ActiveCfg = Release|Any CPU
		{B1596213-F1F0-4D49-BC58-7EAA2287162B}.Release|Any CPU.Build.0 = Release|Any CPU
		{43081F3C-5211-4299-BC40-DE734299AC00}.Debug|Any CPU.ActiveCfg = Debug|Any CPU
		{43081F3C-5211-4299-BC40-DE734299AC00}.Debug|Any CPU.Build.0 = Debug|Any CPU
		{43081F3C-5211-4299-BC40-DE734299AC00}.Release|Any CPU.ActiveCfg = Release|Any CPU
		{43081F3C-5211-4299-BC40-DE734299AC00}.Release|Any CPU.Build.0 = Release|Any CPU
		{BAC56FB2-5B6B-4242-BEF8-6E2E549D3971}.Debug|Any CPU.ActiveCfg = Debug|Any CPU
		{BAC56FB2-5B6B-4242-BEF8-6E2E549D3971}.Debug|Any CPU.Build.0 = Debug|Any CPU
		{BAC56FB2-5B6B-4242-BEF8-6E2E549D3971}.Release|Any CPU.ActiveCfg = Release|Any CPU
		{BAC56FB2-5B6B-4242-BEF8-6E2E549D3971}.Release|Any CPU.Build.0 = Release|Any CPU
		{77E49BBF-D6BB-4954-9EE7-DD1F58CE52CF}.Debug|Any CPU.ActiveCfg = Debug|Any CPU
		{77E49BBF-D6BB-4954-9EE7-DD1F58CE52CF}.Debug|Any CPU.Build.0 = Debug|Any CPU
		{77E49BBF-D6BB-4954-9EE7-DD1F58CE52CF}.Release|Any CPU.ActiveCfg = Release|Any CPU
		{77E49BBF-D6BB-4954-9EE7-DD1F58CE52CF}.Release|Any CPU.Build.0 = Release|Any CPU
		{3A350E67-2FFA-428A-9CBA-28CD791CCF93}.Debug|Any CPU.ActiveCfg = Debug|Any CPU
		{3A350E67-2FFA-428A-9CBA-28CD791CCF93}.Debug|Any CPU.Build.0 = Debug|Any CPU
		{3A350E67-2FFA-428A-9CBA-28CD791CCF93}.Release|Any CPU.ActiveCfg = Release|Any CPU
		{3A350E67-2FFA-428A-9CBA-28CD791CCF93}.Release|Any CPU.Build.0 = Release|Any CPU
		{1011EB37-1343-4497-BAC2-A3C3F6A70B4A}.Debug|Any CPU.ActiveCfg = Debug|Any CPU
		{1011EB37-1343-4497-BAC2-A3C3F6A70B4A}.Debug|Any CPU.Build.0 = Debug|Any CPU
		{1011EB37-1343-4497-BAC2-A3C3F6A70B4A}.Release|Any CPU.ActiveCfg = Release|Any CPU
		{1011EB37-1343-4497-BAC2-A3C3F6A70B4A}.Release|Any CPU.Build.0 = Release|Any CPU
		{64524713-4578-40E6-ACB8-1C56CC2838C4}.Debug|Any CPU.ActiveCfg = Debug|Any CPU
		{64524713-4578-40E6-ACB8-1C56CC2838C4}.Debug|Any CPU.Build.0 = Debug|Any CPU
		{64524713-4578-40E6-ACB8-1C56CC2838C4}.Release|Any CPU.ActiveCfg = Release|Any CPU
		{64524713-4578-40E6-ACB8-1C56CC2838C4}.Release|Any CPU.Build.0 = Release|Any CPU
		{F6CFC485-0B21-48A1-93D2-5F497CB83626}.Debug|Any CPU.ActiveCfg = Debug|Any CPU
		{F6CFC485-0B21-48A1-93D2-5F497CB83626}.Debug|Any CPU.Build.0 = Debug|Any CPU
		{F6CFC485-0B21-48A1-93D2-5F497CB83626}.Release|Any CPU.ActiveCfg = Release|Any CPU
		{F6CFC485-0B21-48A1-93D2-5F497CB83626}.Release|Any CPU.Build.0 = Release|Any CPU
		{0B8F8AD7-762C-498A-BA8C-50D81E9DEA3B}.Debug|Any CPU.ActiveCfg = Debug|Any CPU
		{0B8F8AD7-762C-498A-BA8C-50D81E9DEA3B}.Debug|Any CPU.Build.0 = Debug|Any CPU
		{0B8F8AD7-762C-498A-BA8C-50D81E9DEA3B}.Release|Any CPU.ActiveCfg = Release|Any CPU
		{0B8F8AD7-762C-498A-BA8C-50D81E9DEA3B}.Release|Any CPU.Build.0 = Release|Any CPU
	EndGlobalSection
	GlobalSection(SolutionProperties) = preSolution
		HideSolutionNode = FALSE
	EndGlobalSection
	GlobalSection(NestedProjects) = preSolution
		{F890D38B-9232-4C3B-8E2E-028011444176} = {02EA681E-C7D8-13C7-8484-4AC65E1B71E8}
		{431E093A-FB77-4A5E-87EC-0981CFB2E07C} = {02EA681E-C7D8-13C7-8484-4AC65E1B71E8}
		{FFFFADA7-F58B-46EF-8C4F-E072F7CC7D59} = {02EA681E-C7D8-13C7-8484-4AC65E1B71E8}
		{335AC380-5EAF-4F55-AA6D-0D7182A05414} = {B8921788-8652-4250-8D58-5C4E6C0B347D}
		{69FDAAFF-41B1-4AD6-968F-44D85402102D} = {B8921788-8652-4250-8D58-5C4E6C0B347D}
		{7D23AE1A-3CEE-44EB-A330-972E0C85F387} = {B8921788-8652-4250-8D58-5C4E6C0B347D}
		{697E0793-FBED-4858-B2FA-0F80C3810572} = {3BD8549F-8B17-479B-932D-52B6D7253E19}
		{19C37946-CE92-4259-948A-37F8FF1AB0C0} = {3BD8549F-8B17-479B-932D-52B6D7253E19}
		{3E5F27A7-FF3A-4FA6-A521-9DD9FA0B4251} = {3BD8549F-8B17-479B-932D-52B6D7253E19}
		{152C7C0B-21B5-43B7-8791-A368F25E83D5} = {E4F0129F-AA00-423D-940A-30C3234174B6}
		{1F8C3C70-310D-4718-B7B3-FC7DD987A105} = {E4F0129F-AA00-423D-940A-30C3234174B6}
		{41782808-6D6C-4391-B544-03EF89ECD605} = {E4F0129F-AA00-423D-940A-30C3234174B6}
		{C8D070B1-DBC5-4727-A601-963CE58AB3D6} = {51C5CFFD-ECC4-4729-A84B-758DFD78714F}
		{6567E3C3-3D41-4F56-8976-B0AA8131821F} = {51C5CFFD-ECC4-4729-A84B-758DFD78714F}
		{15FCA8B5-DC51-4F0E-AD73-5093601C8B00} = {51C5CFFD-ECC4-4729-A84B-758DFD78714F}
		{B1596213-F1F0-4D49-BC58-7EAA2287162B} = {3AE18C99-1CFB-4E7B-BA97-7E96A385B835}
		{43081F3C-5211-4299-BC40-DE734299AC00} = {3AE18C99-1CFB-4E7B-BA97-7E96A385B835}
		{BAC56FB2-5B6B-4242-BEF8-6E2E549D3971} = {3AE18C99-1CFB-4E7B-BA97-7E96A385B835}
		{77E49BBF-D6BB-4954-9EE7-DD1F58CE52CF} = {55256DC7-27DB-4EDC-AD2F-54D524CF4299}
		{3A350E67-2FFA-428A-9CBA-28CD791CCF93} = {55256DC7-27DB-4EDC-AD2F-54D524CF4299}
		{1011EB37-1343-4497-BAC2-A3C3F6A70B4A} = {55256DC7-27DB-4EDC-AD2F-54D524CF4299}
		{64524713-4578-40E6-ACB8-1C56CC2838C4} = {295534EA-5CAA-47D3-BB40-7670CE200C52}
		{F6CFC485-0B21-48A1-93D2-5F497CB83626} = {295534EA-5CAA-47D3-BB40-7670CE200C52}
		{0B8F8AD7-762C-498A-BA8C-50D81E9DEA3B} = {295534EA-5CAA-47D3-BB40-7670CE200C52}
	EndGlobalSection
	GlobalSection(ExtensibilityGlobals) = postSolution
		SolutionGuid = {5D7C12BD-85FE-44F6-A5BC-4B571B587C86}
	EndGlobalSection
EndGlobal
