
Microsoft Visual Studio Solution File, Format Version 12.00
# Visual Studio Version 17
VisualStudioVersion = 17.14.36414.22
MinimumVisualStudioVersion = 10.0.40219.1
Project("{2150E333-8FDC-42A3-9474-1A3956D46DE8}") = "Task0", "Task0", "{02EA681E-C7D8-13C7-8484-4AC65E1B71E8}"
EndProject
Project("{FAE04EC0-301F-11D3-BF4B-00C04F79EFBC}") = "Tyuiu.NeupokoevSV.Sprint1.Task0.V25", "Tyuiu.NeupokoevSV.Sprint1.Task0.V25\Tyuiu.NeupokoevSV.Sprint1.Task0.V25.csproj", "{F890D38B-9232-4C3B-8E2E-028011444176}"
EndProject
Project("{FAE04EC0-301F-11D3-BF4B-00C04F79EFBC}") = "Tyuiu.NeupokoevSV.Sprint1.Task0.V25.Lib", "Tyuiu.NeupokoevSV.Sprint1.Task0.V25.Lib\Tyuiu.NeupokoevSV.Sprint1.Task0.V25.Lib.csproj", "{431E093A-FB77-4A5E-87EC-0981CFB2E07C}"
EndProject
Project("{FAE04EC0-301F-11D3-BF4B-00C04F79EFBC}") = "Tyuiu.NeupokoevSV.Sprint1.Task0.V25.Test", "Tyuiu.NeupokoevSV.Sprint1.Task0.V25.Test\Tyuiu.NeupokoevSV.Sprint1.Task0.V25.Test.csproj", "{FFFFADA7-F58B-46EF-8C4F-E072F7CC7D59}"
EndProject
Project("{2150E333-8FDC-42A3-9474-1A3956D46DE8}") = "Task1", "Task1", "{B8921788-8652-4250-8D58-5C4E6C0B347D}"
EndProject
Project("{FAE04EC0-301F-11D3-BF4B-00C04F79EFBC}") = "Tyuiu.NeupokoevSV.Sprint1.Task1.V4", "Tyuiu.NeupokoevSV.Sprint1.Task1.V4\Tyuiu.NeupokoevSV.Sprint1.Task1.V4.csproj", "{335AC380-5EAF-4F55-AA6D-0D7182A05414}"
EndProject
Project("{FAE04EC0-301F-11D3-BF4B-00C04F79EFBC}") = "Tyuiu.NeupokoevSV.Sprint1.Task1.V4.Lib", "Tyuiu.NeupokoevSV.Sprint1.Task1.V4.Lib\Tyuiu.NeupokoevSV.Sprint1.Task1.V4.Lib.csproj", "{69FDAAFF-41B1-4AD6-968F-44D85402102D}"
EndProject
Project("{FAE04EC0-301F-11D3-BF4B-00C04F79EFBC}") = "Tyuiu.NeupokoevSV.Sprint1.Task1.V4.Test", "Tyuiu.NeupokoevSV.Sprint1.Task1.V4.Test\Tyuiu.NeupokoevSV.Sprint1.Task1.V4.Test.csproj", "{7D23AE1A-3CEE-44EB-A330-972E0C85F387}"
EndProject
Global
	GlobalSection(SolutionConfigurationPlatforms) = preSolution
		Debug|Any CPU = Debug|Any CPU
		Release|Any CPU = Release|Any CPU
	EndGlobalSection
	GlobalSection(ProjectConfigurationPlatforms) = postSolution
		{F890D38B-9232-4C3B-8E2E-028011444176}.Debug|Any CPU.ActiveCfg = Debug|Any CPU
		{F890D38B-9232-4C3B-8E2E-028011444176}.Debug|Any CPU.Build.0 = Debug|Any CPU
		{F890D38B-9232-4C3B-8E2E-028011444176}.Release|Any CPU.ActiveCfg = Release|Any CPU
		{F890D38B-9232-4C3B-8E2E-028011444176}.Release|Any CPU.Build.0 = Release|Any CPU
		{431E093A-FB77-4A5E-87EC-0981CFB2E07C}.Debug|Any CPU.ActiveCfg = Debug|Any CPU
		{431E093A-FB77-4A5E-87EC-0981CFB2E07C}.Debug|Any CPU.Build.0 = Debug|Any CPU
		{431E093A-FB77-4A5E-87EC-0981CFB2E07C}.Release|Any CPU.ActiveCfg = Release|Any CPU
		{431E093A-FB77-4A5E-87EC-0981CFB2E07C}.Release|Any CPU.Build.0 = Release|Any CPU
		{FFFFADA7-F58B-46EF-8C4F-E072F7CC7D59}.Debug|Any CPU.ActiveCfg = Debug|Any CPU
		{FFFFADA7-F58B-46EF-8C4F-E072F7CC7D59}.Debug|Any CPU.Build.0 = Debug|Any CPU
		{FFFFADA7-F58B-46EF-8C4F-E072F7CC7D59}.Release|Any CPU.ActiveCfg = Release|Any CPU
		{FFFFADA7-F58B-46EF-8C4F-E072F7CC7D59}.Release|Any CPU.Build.0 = Release|Any CPU
		{335AC380-5EAF-4F55-AA6D-0D7182A05414}.Debug|Any CPU.ActiveCfg = Debug|Any CPU
		{335AC380-5EAF-4F55-AA6D-0D7182A05414}.Debug|Any CPU.Build.0 = Debug|Any CPU
		{335AC380-5EAF-4F55-AA6D-0D7182A05414}.Release|Any CPU.ActiveCfg = Release|Any CPU
		{335AC380-5EAF-4F55-AA6D-0D7182A05414}.Release|Any CPU.Build.0 = Release|Any CPU
		{69FDAAFF-41B1-4AD6-968F-44D85402102D}.Debug|Any CPU.ActiveCfg = Debug|Any CPU
		{69FDAAFF-41B1-4AD6-968F-44D85402102D}.Debug|Any CPU.Build.0 = Debug|Any CPU
		{69FDAAFF-41B1-4AD6-968F-44D85402102D}.Release|Any CPU.ActiveCfg = Release|Any CPU
		{69FDAAFF-41B1-4AD6-968F-44D85402102D}.Release|Any CPU.Build.0 = Release|Any CPU
		{7D23AE1A-3CEE-44EB-A330-972E0C85F387}.Debug|Any CPU.ActiveCfg = Debug|Any CPU
		{7D23AE1A-3CEE-44EB-A330-972E0C85F387}.Debug|Any CPU.Build.0 = Debug|Any CPU
		{7D23AE1A-3CEE-44EB-A330-972E0C85F387}.Release|Any CPU.ActiveCfg = Release|Any CPU
		{7D23AE1A-3CEE-44EB-A330-972E0C85F387}.Release|Any CPU.Build.0 = Release|Any CPU
	EndGlobalSection
	GlobalSection(SolutionProperties) = preSolution
		HideSolutionNode = FALSE
	EndGlobalSection
	GlobalSection(NestedProjects) = preSolution
		{F890D38B-9232-4C3B-8E2E-028011444176} = {02EA681E-C7D8-13C7-8484-4AC65E1B71E8}
		{431E093A-FB77-4A5E-87EC-0981CFB2E07C} = {02EA681E-C7D8-13C7-8484-4AC65E1B71E8}
		{FFFFADA7-F58B-46EF-8C4F-E072F7CC7D59} = {02EA681E-C7D8-13C7-8484-4AC65E1B71E8}
		{335AC380-5EAF-4F55-AA6D-0D7182A05414} = {B8921788-8652-4250-8D58-5C4E6C0B347D}
		{69FDAAFF-41B1-4AD6-968F-44D85402102D} = {B8921788-8652-4250-8D58-5C4E6C0B347D}
		{7D23AE1A-3CEE-44EB-A330-972E0C85F387} = {B8921788-8652-4250-8D58-5C4E6C0B347D}
	EndGlobalSection
	GlobalSection(ExtensibilityGlobals) = postSolution
		SolutionGuid = {5D7C12BD-85FE-44F6-A5BC-4B571B587C86}
	EndGlobalSection
EndGlobal
